# SHA256 pins for runtime dependencies. Used with: pip install --require-hashes -r requirements.lock
# Keep the version in sync with [project.dependencies] in pyproject.toml.
tomlkit==0.15.1 \
    --hash=sha256:177a05aece5a8ca5266fd3c448abb47b8d352f09d477d3ca8332db4d89b24304 \
    --hash=sha256:e25bbf38843005246210a12982776f27f99cb9be67160e14434d0c0d21ee1e97
